
Microsoft Visual Studio Solution File, Format Version 12.00
# Visual Studio Version 16
VisualStudioVersion = 16.0.32802.440
MinimumVisualStudioVersion = 10.0.40219.1
Project("{8BC9CEB8-8B4A-11D0-8D11-00A0C91BC942}") = "testcpp", "testcpp\testcpp.vcxproj", "{23801E94-FAE8-48EF-9A05-C609C163F09F}"
EndProject
Global
	GlobalSection(SolutionConfigurationPlatforms) = preSolution
		Debug|x64 = Debug|x64
		Debug|x86 = Debug|x86
		Release|x64 = Release|x64
		Release|x86 = Release|x86
	EndGlobalSection
	GlobalSection(ProjectConfigurationPlatforms) = postSolution
		{23801E94-FAE8-48EF-9A05-C609C163F09F}.Debug|x64.ActiveCfg = Debug|x64
		{23801E94-FAE8-48EF-9A05-C609C163F09F}.Debug|x64.Build.0 = Debug|x64
		{23801E94-FAE8-48EF-9A05-C609C163F09F}.Debug|x86.ActiveCfg = Debug|Win32
		{23801E94-FAE8-48EF-9A05-C609C163F09F}.Debug|x86.Build.0 = Debug|Win32
		{23801E94-FAE8-48EF-9A05-C609C163F09F}.Release|x64.ActiveCfg = Release|x64
		{23801E94-FAE8-48EF-9A05-C609C163F09F}.Release|x64.Build.0 = Release|x64
		{23801E94-FAE8-48EF-9A05-C609C163F09F}.Release|x86.ActiveCfg = Release|Win32
		{23801E94-FAE8-48EF-9A05-C609C163F09F}.Release|x86.Build.0 = Release|Win32
	EndGlobalSection
	GlobalSection(SolutionProperties) = preSolution
		HideSolutionNode = FALSE
	EndGlobalSection
	GlobalSection(ExtensibilityGlobals) = postSolution
		SolutionGuid = {23109F5B-D4A0-40FE-A7A1-0FBDADD5E900}
	EndGlobalSection
EndGlobal
