
Microsoft Visual Studio Solution File, Format Version 12.00
# Visual Studio Version 16
VisualStudioVersion = 16.0.32802.440
MinimumVisualStudioVersion = 10.0.40219.1
Project("{FAE04EC0-301F-11D3-BF4B-00C04F79EFBC}") = "testDeepLearning", "testDeepLearning\testDeepLearning.csproj", "{F88AD599-A342-4321-8AC9-E0A85E8BAB06}"
EndProject
Global
	GlobalSection(SolutionConfigurationPlatforms) = preSolution
		Debug|Any CPU = Debug|Any CPU
		Release|Any CPU = Release|Any CPU
	EndGlobalSection
	GlobalSection(ProjectConfigurationPlatforms) = postSolution
		{F88AD599-A342-4321-8AC9-E0A85E8BAB06}.Debug|Any CPU.ActiveCfg = Debug|Any CPU
		{F88AD599-A342-4321-8AC9-E0A85E8BAB06}.Debug|Any CPU.Build.0 = Debug|Any CPU
		{F88AD599-A342-4321-8AC9-E0A85E8BAB06}.Release|Any CPU.ActiveCfg = Release|Any CPU
		{F88AD599-A342-4321-8AC9-E0A85E8BAB06}.Release|Any CPU.Build.0 = Release|Any CPU
	EndGlobalSection
	GlobalSection(SolutionProperties) = preSolution
		HideSolutionNode = FALSE
	EndGlobalSection
	GlobalSection(ExtensibilityGlobals) = postSolution
		SolutionGuid = {C4D69635-6595-41BC-9077-B74624A6AAD3}
	EndGlobalSection
EndGlobal
