
Microsoft Visual Studio Solution File, Format Version 12.00
# Visual Studio Version 16
VisualStudioVersion = 16.0.32802.440
MinimumVisualStudioVersion = 10.0.40219.1
Project("{FAE04EC0-301F-11D3-BF4B-00C04F79EFBC}") = "testocr", "testocr.csproj", "{BC1C1717-CAAC-4234-8A56-5A51C9238014}"
EndProject
Global
	GlobalSection(SolutionConfigurationPlatforms) = preSolution
		Debug|Any CPU = Debug|Any CPU
		Release|Any CPU = Release|Any CPU
	EndGlobalSection
	GlobalSection(ProjectConfigurationPlatforms) = postSolution
		{BC1C1717-CAAC-4234-8A56-5A51C9238014}.Debug|Any CPU.ActiveCfg = Debug|Any CPU
		{BC1C1717-CAAC-4234-8A56-5A51C9238014}.Debug|Any CPU.Build.0 = Debug|Any CPU
		{BC1C1717-CAAC-4234-8A56-5A51C9238014}.Release|Any CPU.ActiveCfg = Release|Any CPU
		{BC1C1717-CAAC-4234-8A56-5A51C9238014}.Release|Any CPU.Build.0 = Release|Any CPU
	EndGlobalSection
	GlobalSection(SolutionProperties) = preSolution
		HideSolutionNode = FALSE
	EndGlobalSection
	GlobalSection(ExtensibilityGlobals) = postSolution
		SolutionGuid = {2A837CE5-B768-42B7-8A6E-53DECACE25DF}
	EndGlobalSection
EndGlobal
