
Microsoft Visual Studio Solution File, Format Version 12.00
# Visual Studio Version 16
VisualStudioVersion = 16.0.32802.440
MinimumVisualStudioVersion = 10.0.40219.1
Project("{8BC9CEB8-8B4A-11D0-8D11-00A0C91BC942}") = "orthogonal_table", "orthogonal_table\orthogonal_table.vcxproj", "{8ADA4824-463B-4536-8F87-4218209F91A0}"
EndProject
Global
	GlobalSection(SolutionConfigurationPlatforms) = preSolution
		Debug|x64 = Debug|x64
		Debug|x86 = Debug|x86
		Release|x64 = Release|x64
		Release|x86 = Release|x86
	EndGlobalSection
	GlobalSection(ProjectConfigurationPlatforms) = postSolution
		{8ADA4824-463B-4536-8F87-4218209F91A0}.Debug|x64.ActiveCfg = Debug|x64
		{8ADA4824-463B-4536-8F87-4218209F91A0}.Debug|x64.Build.0 = Debug|x64
		{8ADA4824-463B-4536-8F87-4218209F91A0}.Debug|x86.ActiveCfg = Debug|Win32
		{8ADA4824-463B-4536-8F87-4218209F91A0}.Debug|x86.Build.0 = Debug|Win32
		{8ADA4824-463B-4536-8F87-4218209F91A0}.Release|x64.ActiveCfg = Release|x64
		{8ADA4824-463B-4536-8F87-4218209F91A0}.Release|x64.Build.0 = Release|x64
		{8ADA4824-463B-4536-8F87-4218209F91A0}.Release|x86.ActiveCfg = Release|Win32
		{8ADA4824-463B-4536-8F87-4218209F91A0}.Release|x86.Build.0 = Release|Win32
	EndGlobalSection
	GlobalSection(SolutionProperties) = preSolution
		HideSolutionNode = FALSE
	EndGlobalSection
	GlobalSection(ExtensibilityGlobals) = postSolution
		SolutionGuid = {5C413D87-82D1-49BE-8BE9-A4AFEE2095E9}
	EndGlobalSection
EndGlobal
